
Microsoft Visual Studio Solution File, Format Version 12.00
# Visual Studio Version 17
VisualStudioVersion = 17.0.32002.185
MinimumVisualStudioVersion = 10.0.40219.1
Project("{9A19103F-16F7-4668-BE54-9A1E7A4F7556}") = "Zybase.Api", "Zybase.Api\Zybase.Api.csproj", "{A2F366B1-3509-4677-B475-23CE991473C5}"
EndProject
Project("{2150E333-8FDC-42A3-9474-1A3956D46DE8}") = "Infrastructure", "Infrastructure", "{A0AEB516-AF06-4DC6-BF2D-06E90F68EAC7}"
EndProject
Project("{2150E333-8FDC-42A3-9474-1A3956D46DE8}") = "Core", "Core", "{5B7B2A8F-4002-4F63-9AE3-A54908A8F742}"
EndProject
Project("{2150E333-8FDC-42A3-9474-1A3956D46DE8}") = "UI", "UI", "{F89AB920-F8E6-4324-A312-C34811BC976B}"
EndProject
Project("{2150E333-8FDC-42A3-9474-1A3956D46DE8}") = "src", "src", "{5782A3C0-4FB6-49A4-904E-33394590EBA8}"
EndProject
Project("{2150E333-8FDC-42A3-9474-1A3956D46DE8}") = "test", "test", "{2CDABD51-E205-4C9D-8305-ACA738CABD1B}"
EndProject
Project("{FAE04EC0-301F-11D3-BF4B-00C04F79EFBC}") = "Zybase.Data", "Zybase.Data\Zybase.Data.csproj", "{7B0CBB78-8EAF-4E77-8D60-4C20AE7E5CB4}"
EndProject
Project("{FAE04EC0-301F-11D3-BF4B-00C04F79EFBC}") = "Zybase.Domain", "Zybase.Domain\Zybase.Domain.csproj", "{3B6B353D-1A3B-4011-BDC4-C80CFA29A46B}"
EndProject
Project("{FAE04EC0-301F-11D3-BF4B-00C04F79EFBC}") = "Zybase.Application", "Zybase.Application\Zybase.Application.csproj", "{131B18F6-21B4-47EC-B19E-1D694D43981B}"
EndProject
Global
	GlobalSection(SolutionConfigurationPlatforms) = preSolution
		Debug|Any CPU = Debug|Any CPU
		Release|Any CPU = Release|Any CPU
	EndGlobalSection
	GlobalSection(ProjectConfigurationPlatforms) = postSolution
		{A2F366B1-3509-4677-B475-23CE991473C5}.Debug|Any CPU.ActiveCfg = Debug|Any CPU
		{A2F366B1-3509-4677-B475-23CE991473C5}.Debug|Any CPU.Build.0 = Debug|Any CPU
		{A2F366B1-3509-4677-B475-23CE991473C5}.Release|Any CPU.ActiveCfg = Release|Any CPU
		{A2F366B1-3509-4677-B475-23CE991473C5}.Release|Any CPU.Build.0 = Release|Any CPU
		{7B0CBB78-8EAF-4E77-8D60-4C20AE7E5CB4}.Debug|Any CPU.ActiveCfg = Debug|Any CPU
		{7B0CBB78-8EAF-4E77-8D60-4C20AE7E5CB4}.Debug|Any CPU.Build.0 = Debug|Any CPU
		{7B0CBB78-8EAF-4E77-8D60-4C20AE7E5CB4}.Release|Any CPU.ActiveCfg = Release|Any CPU
		{7B0CBB78-8EAF-4E77-8D60-4C20AE7E5CB4}.Release|Any CPU.Build.0 = Release|Any CPU
		{3B6B353D-1A3B-4011-BDC4-C80CFA29A46B}.Debug|Any CPU.ActiveCfg = Debug|Any CPU
		{3B6B353D-1A3B-4011-BDC4-C80CFA29A46B}.Debug|Any CPU.Build.0 = Debug|Any CPU
		{3B6B353D-1A3B-4011-BDC4-C80CFA29A46B}.Release|Any CPU.ActiveCfg = Release|Any CPU
		{3B6B353D-1A3B-4011-BDC4-C80CFA29A46B}.Release|Any CPU.Build.0 = Release|Any CPU
		{131B18F6-21B4-47EC-B19E-1D694D43981B}.Debug|Any CPU.ActiveCfg = Debug|Any CPU
		{131B18F6-21B4-47EC-B19E-1D694D43981B}.Debug|Any CPU.Build.0 = Debug|Any CPU
		{131B18F6-21B4-47EC-B19E-1D694D43981B}.Release|Any CPU.ActiveCfg = Release|Any CPU
		{131B18F6-21B4-47EC-B19E-1D694D43981B}.Release|Any CPU.Build.0 = Release|Any CPU
	EndGlobalSection
	GlobalSection(SolutionProperties) = preSolution
		HideSolutionNode = FALSE
	EndGlobalSection
	GlobalSection(NestedProjects) = preSolution
		{A2F366B1-3509-4677-B475-23CE991473C5} = {F89AB920-F8E6-4324-A312-C34811BC976B}
		{A0AEB516-AF06-4DC6-BF2D-06E90F68EAC7} = {5782A3C0-4FB6-49A4-904E-33394590EBA8}
		{5B7B2A8F-4002-4F63-9AE3-A54908A8F742} = {5782A3C0-4FB6-49A4-904E-33394590EBA8}
		{F89AB920-F8E6-4324-A312-C34811BC976B} = {5782A3C0-4FB6-49A4-904E-33394590EBA8}
		{7B0CBB78-8EAF-4E77-8D60-4C20AE7E5CB4} = {A0AEB516-AF06-4DC6-BF2D-06E90F68EAC7}
		{3B6B353D-1A3B-4011-BDC4-C80CFA29A46B} = {5B7B2A8F-4002-4F63-9AE3-A54908A8F742}
		{131B18F6-21B4-47EC-B19E-1D694D43981B} = {5B7B2A8F-4002-4F63-9AE3-A54908A8F742}
	EndGlobalSection
	GlobalSection(ExtensibilityGlobals) = postSolution
		SolutionGuid = {01B112E2-14DA-45DC-8A77-837EDB4F7BC7}
	EndGlobalSection
EndGlobal
